// !$*UTF8*$!\n{\n\tarchiveVersion = 1;\n\tclasses = {\n\t};\n\tobjectVersion = 56;\n\tobjects = {\n\n/* Begin PBXBuildFile section */\n\t\t5A1B3C7F2B3F4A6D00E9D8F1 /* WeatherApp.swift in Sources */ = {isa = PBXBuildFile; fileRef = 5A1B3C7E2B3F4A6D00E9D8F1 /* WeatherApp.swift */; };\n\t\t5A1B3C812B3F4A6D00E9D8F1 /* ContentView.swift in Sources */ = {isa = PBXBuildFile; fileRef = 5A1B3C802B3F4A6D00E9D8F1 /* ContentView.swift */; };\n\t\t5A1B3C832B3F4A6E00E9D8F1 /* Assets.xcassets in Resources */ = {isa = PBXBuildFile; fileRef = 5A1B3C822B3F4A6E00E9D8F1 /* Assets.xcassets */; };\n\t\t5A1B3C862B3F4A6E00E9D8F1 /* Preview Assets.xcassets in Resources */ = {isa = PBXBuildFile; fileRef = 5A1B3C852B3F4A6E00E9D8F1 /* Preview Assets.xcassets */; };\n\t\t5A1B3C8E2B3F4B2D00E9D8F1 /* WeatherModels.swift in Sources */ = {isa = PBXBuildFile; fileRef = 5A1B3C8D2B3F4B2D00E9D8F1 /* WeatherModels.swift */; };\n\t\t5A1B3C902B3F4B5200E9D8F1 /* WeatherViewModel.swift in Sources */ = {isa = PBXBuildFile; fileRef = 5A1B3C8F2B3F4B5200E9D8F1 /* WeatherViewModel.swift */; };\n\t\t5A1B3C922B3F4B7500E9D8F1 /* WeatherDashboardView.swift in Sources */ = {isa = PBXBuildFile; fileRef = 5A1B3C912B3F4B7500E9D8F1 /* WeatherDashboardView.swift */; };\n\t\t5A1B3C942B3F4B9A00E9D8F1 /* CurrentWeatherView.swift in Sources */ = {isa = PBXBuildFile; fileRef = 5A1B3C932B3F4B9A00E9D8F1 /* CurrentWeatherView.swift */; };\n\t\t5A1B3C962B3F4BBD00E9D8F1 /* WeatherCardView.swift in Sources */ = {isa = PBXBuildFile; fileRef = 5A1B3C952B3F4BBD00E9D8F1 /* WeatherCardView.swift */; };\n\t\t5A1B3C982B3F4BDE00E9D8F1 /* WeatherChartView.swift in Sources */ = {isa = PBXBuildFile; fileRef = 5A1B3C972B3F4BDE00E9D8F1 /* WeatherChartView.swift */; };\n\t\t5A1B3C9A2B3F4BFE00E9D8F1 /* LocationSelectorView.swift in Sources */ = {isa = PBXBuildFile; fileRef = 5A1B3C992B3F4BFE00E9D8F1 /* LocationSelectorView.swift */; };\n\t\t5A1B3C9C2B3F4C1D00E9D8F1 /* WeatherAPIService.swift in Sources */ = {isa = PBXBuildFile; fileRef = 5A1B3C9B2B3F4C1D00E9D8F1 /* WeatherAPIService.swift */; };\n\t\t5A1B3C9E2B3F4C3A00E9D8F1 /* WeatherUtils.swift in Sources */ = {isa = PBXBuildFile; fileRef = 5A1B3C9D2B3F4C3A00E9D8F1 /* WeatherUtils.swift */; };\n\t\t5A1B3CAA2B3F4D0000E9D8F1 /* WidgetKit.framework in Frameworks */ = {isa = PBXBuildFile; fileRef = 5A1B3CA92B3F4D0000E9D8F1 /* WidgetKit.framework */; };\n\t\t5A1B3CAC2B3F4D0000E9D8F1 /* SwiftUI.framework in Frameworks */ = {isa = PBXBuildFile; fileRef = 5A1B3CAB2B3F4D0000E9D8F1 /* SwiftUI.framework */; };\n\t\t5A1B3CAF2B3F4D0000E9D8F1 /* WeatherWidget.swift in Sources */ = {isa = PBXBuildFile; fileRef = 5A1B3CAE2B3F4D0000E9D8F1 /* WeatherWidget.swift */; };\n\t\t5A1B3CB12B3F4D0100E9D8F1 /* Assets.xcassets in Resources */ = {isa = PBXBuildFile; fileRef = 5A1B3CB02B3F4D0100E9D8F1 /* Assets.xcassets */; };\n\t\t5A1B3CB52B3F4D0100E9D8F1 /* WeatherWidgetExtension.appex in Embed Foundation Extensions */ = {isa = PBXBuildFile; fileRef = 5A1B3CA72B3F4D0000E9D8F1 /* WeatherWidgetExtension.appex */; settings = {ATTRIBUTES = (RemoveHeadersOnCopy, ); }; };\n\t\t5A1B3CBB2B3F4D5100E9D8F1 /* WeatherLockScreenWidget.swift in Sources */ = {isa = PBXBuildFile; fileRef = 5A1B3CBA2B3F4D5100E9D8F1 /* WeatherLockScreenWidget.swift */; };\n/* End PBXBuildFile section */\n\n/* Begin PBXContainerItemProxy section */\n\t\t5A1B3CB32B3F4D0100E9D8F1 /* PBXContainerItemProxy */ = {\n\t\t\tisa = PBXContainerItemProxy;\n\t\t\tcontainerPortal = 5A1B3C732B3F4A6D00E9D8F1 /* Project object */;\n\t\t\tproxyType = 1;\n\t\t\tremoteGlobalIDString = 5A1B3CA62B3F4D0000E9D8F1;\n\t\t\tremoteInfo = WeatherWidgetExtension;\n\t\t};\n/* End PBXContainerItemProxy section */\n\n/* Begin PBXCopyFilesBuildPhase section */\n\t\t5A1B3CB92B3F4D0100E9D8F1 /* Embed Foundation Extensions */ = {\n\t\t\tisa = PBXCopyFilesBuildPhase;\n\t\t\tbuildActionMask = 2147483647;\n\t\t\tdstPath = \"\";\n\t\t\tdstSubfolderSpec = 13;\n\t\t\tfiles = (\n\t\t\t\t5A1B3CB52B3F4D0100E9D8F1 /* WeatherWidgetExtension.appex in Embed Foundation Extensions */,\n\t\t\t);\n\t\t\tname = \"Embed Foundation Extensions\";\n\t\t\trunOnlyForDeploymentPostprocessing = 0;\n\t\t};\n/* End PBXCopyFilesBuildPhase section */\n\n/* Begin PBXFileReference section */\n\t\t5A1B3C7B2B3F4A6D00E9D8F1 /* WeatherApp.app */ = {isa = PBXFileReference; explicitFileType = wrapper.application; includeInIndex = 0; path = WeatherApp.app; sourceTree = BUILT_PRODUCTS_DIR; };\n\t\t5A1B3C7E2B3F4A6D00E9D8F1 /* WeatherApp.swift */ = {isa = PBXFileReference; lastKnownFileType = sourcecode.swift; path = WeatherApp.swift; sourceTree = \"<group>\"; };\n\t\t5A1B3C802B3F4A6D00E9D8F1 /* ContentView.swift */ = {isa = PBXFileReference; lastKnownFileType = sourcecode.swift; path = ContentView.swift; sourceTree = \"<group>\"; };\n\t\t5A1B3C822B3F4A6E00E9D8F1 /* Assets.xcassets */ = {isa = PBXFileReference; lastKnownFileType = folder.assetcatalog; path = Assets.xcassets; sourceTree = \"<group>\"; };\n\t\t5A1B3C852B3F4A6E00E9D8F1 /* Preview Assets.xcassets */ = {isa = PBXFileReference; lastKnownFileType = folder.assetcatalog; path = \"Preview Assets.xcassets\"; sourceTree = \"<group>\"; };\n\t\t5A1B3C8D2B3F4B2D00E9D8F1 /* WeatherModels.swift */ = {isa = PBXFileReference; lastKnownFileType = sourcecode.swift; path = WeatherModels.swift; sourceTree = \"<group>\"; };\n\t\t5A1B3C8F2B3F4B5200E9D8F1 /* WeatherViewModel.swift */ = {isa = PBXFileReference; lastKnownFileType = sourcecode.swift; path = WeatherViewModel.swift; sourceTree = \"<group>\"; };\n\t\t5A1B3C912B3F4B7500E9D8F1 /* WeatherDashboardView.swift */ = {isa = PBXFileReference; lastKnownFileType = sourcecode.swift; path = WeatherDashboardView.swift; sourceTree = \"<group>\"; };\n\t\t5A1B3C932B3F4B9A00E9D8F1 /* CurrentWeatherView.swift */ = {isa = PBXFileReference; lastKnownFileType = sourcecode.swift; path = CurrentWeatherView.swift; sourceTree = \"<group>\"; };\n\t\t5A1B3C952B3F4BBD00E9D8F1 /* WeatherCardView.swift */ = {isa = PBXFileReference; lastKnownFileType = sourcecode.swift; path = WeatherCardView.swift; sourceTree = \"<group>\"; };\n\t\t5A1B3C972B3F4BDE00E9D8F1 /* WeatherChartView.swift */ = {isa = PBXFileReference; lastKnownFileType = sourcecode.swift; path = WeatherChartView.swift; sourceTree = \"<group>\"; };\n\t\t5A1B3C992B3F4BFE00E9D8F1 /* LocationSelectorView.swift */ = {isa = PBXFileReference; lastKnownFileType = sourcecode.swift; path = LocationSelectorView.swift; sourceTree = \"<group>\"; };\n\t\t5A1B3C9B2B3F4C1D00E9D8F1 /* WeatherAPIService.swift */ = {isa = PBXFileReference; lastKnownFileType = sourcecode.swift; path = WeatherAPIService.swift; sourceTree = \"<group>\"; };\n\t\t5A1B3C9D2B3F4C3A00E9D8F1 /* WeatherUtils.swift */ = {isa = PBXFileReference; lastKnownFileType = sourcecode.swift; path = WeatherUtils.swift; sourceTree = \"<group>\"; };\n\t\t5A1B3C9F2B3F4C5A00E9D8F1 /* Info.plist */ = {isa = PBXFileReference; lastKnownFileType = text.plist.xml; path = Info.plist; sourceTree = \"<group>\"; };\n\t\t5A1B3CA72B3F4D0000E9D8F1 /* WeatherWidgetExtension.appex */ = {isa = PBXFileReference; explicitFileType = \"wrapper.app-extension\"; includeInIndex = 0; path = WeatherWidgetExtension.appex; sourceTree = BUILT_PRODUCTS_DIR; };\n\t\t5A1B3CA92B3F4D0000E9D8F1 /* WidgetKit.framework */ = {isa = PBXFileReference; lastKnownFileType = wrapper.framework; name = WidgetKit.framework; path = System/Library/Frameworks/WidgetKit.framework; sourceTree = SDKROOT; };\n\t\t5A1B3CAB2B3F4D0000E9D8F1 /* SwiftUI.framework */ = {isa = PBXFileReference; lastKnownFileType = wrapper.framework; name = SwiftUI.framework; path = System/Library/Frameworks/SwiftUI.framework; sourceTree = SDKROOT; };\n\t\t5A1B3CAE2B3F4D0000E9D8F1 /* WeatherWidget.swift */ = {isa = PBXFileReference; lastKnownFileType = sourcecode.swift; path = WeatherWidget.swift; sourceTree = \"<group>\"; };\n\t\t5A1B3CB02B3F4D0100E9D8F1 /* Assets.xcassets */ = {isa = PBXFileReference; lastKnownFileType = folder.assetcatalog; path = Assets.xcassets; sourceTree = \"<group>\"; };\n\t\t5A1B3CB22B3F4D0100E9D8F1 /* Info.plist */ = {isa = PBXFileReference; lastKnownFileType = text.plist.xml; path = Info.plist; sourceTree = \"<group>\"; };\n\t\t5A1B3CBA2B3F4D5100E9D8F1 /* WeatherLockScreenWidget.swift */ = {isa = PBXFileReference; lastKnownFileType = sourcecode.swift; path = WeatherLockScreenWidget.swift; sourceTree = \"<group>\"; };\n/* End PBXFileReference section */\n\n/* Begin PBXFrameworksBuildPhase section */\n\t\t5A1B3C782B3F4A6D00E9D8F1 /* Frameworks */ = {\n\t\t\tisa = PBXFrameworksBuildPhase;\n\t\t\tbuildActionMask = 2147483647;\n\t\t\tfiles = (\n\t\t\t);\n\t\t\trunOnlyForDeploymentPostprocessing = 0;\n\t\t};\n\t\t5A1B3CA42B3F4D0000E9D8F1 /* Frameworks */ = {\n\t\t\tisa = PBXFrameworksBuildPhase;\n\t\t\tbuildActionMask = 2147483647;\n\t\t\tfiles = (\n\t\t\t\t5A1B3CAC2B3F4D0000E9D8F1 /* SwiftUI.framework in Frameworks */,\n\t\t\t\t5A1B3CAA2B3F4D0000E9D8F1 /* WidgetKit.framework in Frameworks */,\n\t\t\t);\n\t\t\trunOnlyForDeploymentPostprocessing = 0;\n\t\t};\n/* End PBXFrameworksBuildPhase section */\n\n/* Begin PBXGroup section */\n\t\t5A1B3C722B3F4A6D00E9D8F1 = {\n\t\t\tisa = PBXGroup;\n\t\t\tchildren = (\n\t\t\t\t5A1B3C7D2B3F4A6D00E9D8F1 /* WeatherApp */,\n\t\t\t\t5A1B3CAD2B3F4D0000E9D8F1 /* WeatherWidgetExtension */,\n\t\t\t\t5A1B3CA82B3F4D0000E9D8F1 /* Frameworks */,\n\t\t\t\t5A1B3C7C2B3F4A6D00E9D8F1 /* Products */,\n\t\t\t);\n\t\t\tsourceTree = \"<group>\";\n\t\t};\n\t\t5A1B3C7C2B3F4A6D00E9D8F1 /* Products */ = {\n\t\t\tisa = PBXGroup;\n\t\t\tchildren = (\n\t\t\t\t5A1B3C7B2B3F4A6D00E9D8F1 /* WeatherApp.app */,\n\t\t\t\t5A1B3CA72B3F4D0000E9D8F1 /* WeatherWidgetExtension.appex */,\n\t\t\t);\n\t\t\tsourceTree = \"<group>\";\n\t\t};\n\t\t5A1B3C7D2B3F4A6D00E9D8F1 /* WeatherApp */ = {\n\t\t\tisa = PBXGroup;\n\t\t\tchildren = (\n\t\t\t\t5A1B3CA02B3F4C6600E9D8F1 /* App */,\n\t\t\t\t5A1B3CA12B3F4C6E00E9D8F1 /* Models */,\n\t\t\t\t5A1B3CA22B3F4C7700E9D8F1 /* ViewModels */,\n\t\t\t\t5A1B3CA32B3F4C8100E9D8F1 /* Views */,\n\t\t\t\t5A1B3CA62B3F4C9400E9D8F1 /* Services */,\n\t\t\t\t5A1B3CA52B3F4C8E00E9D8F1 /* Utilities */,\n\t\t\t\t5A1B3C822B3F4A6E00E9D8F1 /* Assets.xcassets */,\n\t\t\t\t5A1B3C9F2B3F4C5A00E9D8F1 /* Info.plist */,\n\t\t\t\t5A1B3C842B3F4A6E00E9D8F1 /* Preview Content */,\n\t\t\t);\n\t\t\tsourceTree = \"<group>\";\n\t\t};\n\t\t5A1B3C842B3F4A6E00E9D8F1 /* Preview Content */ = {\n\t\t\tisa = PBXGroup;\n\t\t\tchildren = (\n\t\t\t\t5A1B3C852B3F4A6E00E9D8F1 /* Preview Assets.xcassets */,\n\t\t\t);\n\t\t\tpath = \"Preview Content\";\n\t\t\tsourceTree = \"<group>\";\n\t\t};\n\t\t5A1B3CA02B3F4C6600E9D8F1 /* App */ = {\n\t\t\tisa = PBXGroup;\n\t\t\tchildren = (\n\t\t\t\t5A1B3C7E2B3F4A6D00E9D8F1 /* WeatherApp.swift */,\n\t\t\t);\n\t\t\tpath = App;\n\t\t\tsourceTree = \"<group>\";\n\t\t};\n\t\t5A1B3CA12B3F4C6E00E9D8F1 /* Models */ = {\n\t\t\tisa = PBXGroup;\n\t\t\tchildren = (\n\t\t\t\t5A1B3C8D2B3F4B2D00E9D8F1 /* WeatherModels.swift */,\n\t\t\t);\n\t\t\tpath = Models;\n\t\t\tsourceTree = \"<group>\";\n\t\t};\n\t\t5A1B3CA22B3F4C7700E9D8F1 /* ViewModels */ = {\n\t\t\tisa = PBXGroup;\n\t\t\tchildren = (\n\t\t\t\t5A1B3C8F2B3F4B5200E9D8F1 /* WeatherViewModel.swift */,\n\t\t\t);\n\t\t\tpath = ViewModels;\n\t\t\tsourceTree = \"<group>\";\n\t\t};\n\t\t5A1B3CA32B3F4C8100E9D8F1 /* Views */ = {\n\t\t\tisa = PBXGroup;\n\t\t\tchildren = (\n\t\t\t\t5A1B3C802B3F4A6D00E9D8F1 /* ContentView.swift */,\n\t\t\t\t5A1B3C912B3F4B7500E9D8F1 /* WeatherDashboardView.swift */,\n\t\t\t\t5A1B3C932B3F4B9A00E9D8F1 /* CurrentWeatherView.swift */,\n\t\t\t\t5A1B3C952B3F4BBD00E9D8F1 /* WeatherCardView.swift */,\n\t\t\t\t5A1B3C972B3F4BDE00E9D8F1 /* WeatherChartView.swift */,\n\t\t\t\t5A1B3C992B3F4BFE00E9D8F1 /* LocationSelectorView.swift */,\n\t\t\t);\n\t\t\tpath = Views;\n\t\t\tsourceTree = \"<group>\";\n\t\t};\n\t\t5A1B3CA52B3F4C8E00E9D8F1 /* Utilities */ = {\n\t\t\tisa = PBXGroup;\n\t\t\tchildren = (\n\t\t\t\t5A1B3C9D2B3F4C3A00E9D8F1 /* WeatherUtils.swift */,\n\t\t\t);\n\t\t\tpath = Utilities;\n\t\t\tsourceTree = \"<group>\";\n\t\t};\n\t\t5A1B3CA62B3F4C9400E9D8F1 /* Services */ = {\n\t\t\tisa = PBXGroup;\n\t\t\tchildren = (\n\t\t\t\t5A1B3C9B2B3F4C1D00E9D8F1 /* WeatherAPIService.swift */,\n\t\t\t);\n\t\t\tpath = Services;\n\t\t\tsourceTree = \"<group>\";\n\t\t};\n\t\t5A1B3CA82B3F4D0000E9D8F1 /* Frameworks */ = {\n\t\t\tisa = PBXGroup;\n\t\t\tchildren = (\n\t\t\t\t5A1B3CA92B3F4D0000E9D8F1 /* WidgetKit.framework */,\n\t\t\t\t5A1B3CAB2B3F4D0000E9D8F1 /* SwiftUI.framework */,\n\t\t\t);\n\t\t\tname = Frameworks;\n\t\t\tsourceTree = \"<group>\";\n\t\t};\n\t\t5A1B3CAD2B3F4D0000E9D8F1 /* WeatherWidgetExtension */ = {\n\t\t\tisa = PBXGroup;\n\t\t\tchildren = (\n\t\t\t\t5A1B3CAE2B3F4D0000E9D8F1 /* WeatherWidget.swift */,\n\t\t\t\t5A1B3CBA2B3F4D5100E9D8F1 /* WeatherLockScreenWidget.swift */,\n\t\t\t\t5A1B3CB02B3F4D0100E9D8F1 /* Assets.xcassets */,\n\t\t\t\t5A1B3CB22B3F4D0100E9D8F1 /* Info.plist */,\n\t\t\t);\n\t\t\tpath = WeatherWidgetExtension;\n\t\t\tsourceTree = \"<group>\";\n\t\t};\n/* End PBXGroup section */\n\n/* Begin PBXNativeTarget section */\n\t\t5A1B3C7A2B3F4A6D00E9D8F1 /* WeatherApp */ = {\n\t\t\tisa = PBXNativeTarget;\n\t\t\tbuildConfigurationList = 5A1B3C892B3F4A6E00E9D8F1 /* Build configuration list for PBXNativeTarget \"WeatherApp\" */;\n\t\t\tbuildPhases = (\n\t\t\t\t5A1B3C772B3F4A6D00E9D8F1 /* Sources */,\n\t\t\t\t5A1B3C782B3F4A6D00E9D8F1 /* Frameworks */,\n\t\t\t\t5A1B3C792B3F4A6D00E9D8F1 /* Resources */,\n\t\t\t\t5A1B3CB92B3F4D0100E9D8F1 /* Embed Foundation Extensions */,\n\t\t\t);\n\t\t\tbuildRules = (\n\t\t\t);\n\t\t\tdependencies = (\n\t\t\t\t5A1B3CB42B3F4D0100E9D8F1 /* PBXTargetDependency */,\n\t\t\t);\n\t\t\tname = WeatherApp;\n\t\t\tproductName = WeatherApp;\n\t\t\tproductReference = 5A1B3C7B2B3F4A6D00E9D8F1 /* WeatherApp.app */;\n\t\t\tproductType = \"com.apple.product-type.application\";\n\t\t};\n\t\t5A1B3CA62B3F4D0000E9D8F1 /* WeatherWidgetExtension */ = {\n\t\t\tisa = PBXNativeTarget;\n\t\t\tbuildConfigurationList = 5A1B3CB62B3F4D0100E9D8F1 /* Build configuration list for PBXNativeTarget \"WeatherWidgetExtension\" */;\n\t\t\tbuildPhases = (\n\t\t\t\t5A1B3CA32B3F4D0000E9D8F1 /* Sources */,\n\t\t\t\t5A1B3CA42B3F4D0000E9D8F1 /* Frameworks */,\n\t\t\t\t5A1B3CA52B3F4D0000E9D8F1 /* Resources */,\n\t\t\t);\n\t\t\tbuildRules = (\n\t\t\t);\n\t\t\tdependencies = (\n\t\t\t);\n\t\t\tname = WeatherWidgetExtension;\n\t\t\tproductName = WeatherWidgetExtension;\n\t\t\tproductReference = 5A1B3CA72B3F4D0000E9D8F1 /* WeatherWidgetExtension.appex */;\n\t\t\tproductType = \"com.apple.product-type.app-extension\";\n\t\t};\n/* End PBXNativeTarget section */\n\n/* Begin PBXProject section */\n\t\t5A1B3C732B3F4A6D00E9D8F1 /* Project object */ = {\n\t\t\tisa = PBXProject;\n\t\t\tattributes = {\n\t\t\t\tBuildIndependentTargetsInParallel = 1;\n\t\t\t\tLastSwiftUpdateCheck = 1510;\n\t\t\t\tLastUpgradeCheck = 1510;\n\t\t\t\tTargetAttributes = {\n\t\t\t\t\t5A1B3C7A2B3F4A6D00E9D8F1 = {\n\t\t\t\t\t\tCreatedOnToolsVersion = 15.1;\n\t\t\t\t\t};\n\t\t\t\t\t5A1B3CA62B3F4D0000E9D8F1 = {\n\t\t\t\t\t\tCreatedOnToolsVersion = 15.1;\n\t\t\t\t\t};\n\t\t\t\t};\n\t\t\t};\n\t\t\tbuildConfigurationList = 5A1B3C762B3F4A6D00E9D8F1 /* Build configuration list for PBXProject \"WeatherApp\" */;\n\t\t\tcompatibilityVersion = \"Xcode 14.0\";\n\t\t\tdevelopmentRegion = en;\n\t\t\thasScannedForEncodings = 0;\n\t\t\tknownRegions = (\n\t\t\t\ten,\n\t\t\t\tBase,\n\t\t\t);\n\t\t\tmainGroup = 5A1B3C722B3F4A6D00E9D8F1;\n\t\t\tproductRefGroup = 5A1B3C7C2B3F4A6D00E9D8F1 /* Products */;\n\t\t\tprojectDirPath = \"\";\n\t\t\tprojectRoot = \"\";\n\t\t\ttargets = (\n\t\t\t\t5A1B3C7A2B3F4A6D00E9D8F1 /* WeatherApp */,\n\t\t\t\t5A1B3CA62B3F4D0000E9D8F1 /* WeatherWidgetExtension */,\n\t\t\t);\n\t\t};\n/* End PBXProject section */\n\n/* Begin PBXResourcesBuildPhase section */\n\t\t5A1B3C792B3F4A6D00E9D8F1 /* Resources */ = {\n\t\t\tisa = PBXResourcesBuildPhase;\n\t\t\tbuildActionMask = 2147483647;\n\t\t\tfiles = (\n\t\t\t\t5A1B3C862B3F4A6E00E9D8F1 /* Preview Assets.xcassets in Resources */,\n\t\t\t\t5A1B3C832B3F4A6E00E9D8F1 /* Assets.xcassets in Resources */,\n\t\t\t);\n\t\t\trunOnlyForDeploymentPostprocessing = 0;\n\t\t};\n\t\t5A1B3CA52B3F4D0000E9D8F1 /* Resources */ = {\n\t\t\tisa = PBXResourcesBuildPhase;\n\t\t\tbuildActionMask = 2147483647;\n\t\t\tfiles = (\n\t\t\t\t5A1B3CB12B3F4D0100E9D8F1 /* Assets.xcassets in Resources */,\n\t\t\t);\n\t\t\trunOnlyForDeploymentPostprocessing = 0;\n\t\t};\n/* End PBXResourcesBuildPhase section */\n\n/* Begin PBXSourcesBuildPhase section */\n\t\t5A1B3C772B3F4A6D00E9D8F1 /* Sources */ = {\n\t\t\tisa = PBXSourcesBuildPhase;\n\t\t\tbuildActionMask = 2147483647;\n\t\t\tfiles = (\n\t\t\t\t5A1B3C812B3F4A6D00E9D8F1 /* ContentView.swift in Sources */,\n\t\t\t\t5A1B3C9C2B3F4C1D00E9D8F1 /* WeatherAPIService.swift in Sources */,\n\t\t\t\t5A1B3C922B3F4B7500E9D8F1 /* WeatherDashboardView.swift in Sources */,\n\t\t\t\t5A1B3C942B3F4B9A00E9D8F1 /* CurrentWeatherView.swift in Sources */,\n\t\t\t\t5A1B3C962B3F4BBD00E9D8F1 /* WeatherCardView.swift in Sources */,\n\t\t\t\t5A1B3C9A2B3F4BFE00E9D8F1 /* LocationSelectorView.swift in Sources */,\n\t\t\t\t5A1B3C982B3F4BDE00E9D8F1 /* WeatherChartView.swift in Sources */,\n\t\t\t\t5A1B3C9E2B3F4C3A00E9D8F1 /* WeatherUtils.swift in Sources */,\n\t\t\t\t5A1B3C8E2B3F4B2D00E9D8F1 /* WeatherModels.swift in Sources */,\n\t\t\t\t5A1B3C902B3F4B5200E9D8F1 /* WeatherViewModel.swift in Sources */,\n\t\t\t\t5A1B3C7F2B3F4A6D00E9D8F1 /* WeatherApp.swift in Sources */,\n\t\t\t);\n\t\t\trunOnlyForDeploymentPostprocessing = 0;\n\t\t};\n\t\t5A1B3CA32B3F4D0000E9D8F1 /* Sources */ = {\n\t\t\tisa = PBXSourcesBuildPhase;\n\t\t\tbuildActionMask = 2147483647;\n\t\t\tfiles = (\n\t\t\t\t5A1B3CAF2B3F4D0000E9D8F1 /* WeatherWidget.swift in Sources */,\n\t\t\t\t5A1B3CBB2B3F4D5100E9D8F1 /* WeatherLockScreenWidget.swift in Sources */,\n\t\t\t);\n\t\t\trunOnlyForDeploymentPostprocessing = 0;\n\t\t};\n/* End PBXSourcesBuildPhase section */\n\n/* Begin PBXTargetDependency section */\n\t\t5A1B3CB42B3F4D0100E9D8F1 /* PBXTargetDependency */ = {\n\t\t\tisa = PBXTargetDependency;\n\t\t\ttarget = 5A1B3CA62B3F4D0000E9D8F1 /* WeatherWidgetExtension */;\n\t\t\ttargetProxy = 5A1B3CB32B3F4D0100E9D8F1 /* PBXContainerItemProxy */;\n\t\t};\n/* End PBXTargetDependency section */\n\n/* Begin XCBuildConfiguration section */\n\t\t5A1B3C872B3F4A6E00E9D8F1 /* Debug */ = {\n\t\t\tisa = XCBuildConfiguration;\n\t\t\tbuildSettings = {\n\t\t\t\tALWAYS_SEARCH_USER_PATHS = NO;\n\t\t\t\tCLANG_ANALYZER_NONNULL = YES;\n\t\t\t\tCLANG_ANALYZER_NUMBER_OBJECT_CONVERSION = YES_AGGRESSIVE;\n\t\t\t\tCLANG_CXX_LANGUAGE_STANDARD = \"gnu++20\";\n\t\t\t\tCLANG_ENABLE_MODULES = YES;\n\t\t\t\tCLANG_ENABLE_OBJC_ARC = YES;\n\t\t\t\tCLANG_ENABLE_OBJC_WEAK = YES;\n\t\t\t\tCLANG_WARN_BLOCK_CAPTURE_AUTORELEASING = YES;\n\t\t\t\tCLANG_WARN_BOOL_CONVERSION = YES;\n\t\t\t\tCLANG_WARN_COMMA = YES;\n\t\t\t\tCLANG_WARN_CONSTANT_CONVERSION = YES;\n\t\t\t\tCLANG_WARN_DEPRECATED_OBJC_IMPLEMENTATIONS = YES;\n\t\t\t\tCLANG_WARN_DIRECT_OBJC_ISA_USAGE = YES_ERROR;\n\t\t\t\tCLANG_WARN_DOCUMENTATION_COMMENTS = YES;\n\t\t\t\tCLANG_WARN_EMPTY_BODY = YES;\n\t\t\t\tCLANG_WARN_ENUM_CONVERSION = YES;\n\t\t\t\tCLANG_WARN_INFINITE_RECURSION = YES;\n\t\t\t\tCLANG_WARN_INT_CONVERSION = YES;\n\t\t\t\tCLANG_WARN_NON_LITERAL_NULL_CONVERSION = YES;\n\t\t\t\tCLANG_WARN_OBJC_IMPLICIT_RETAIN_SELF = YES;\n\t\t\t\tCLANG_WARN_OBJC_LITERAL_CONVERSION = YES;\n\t\t\t\tCLANG_WARN_OBJC_ROOT_CLASS = YES_ERROR;\n\t\t\t\tCLANG_WARN_QUOTED_INCLUDE_IN_FRAMEWORK_HEADER = YES;\n\t\t\t\tCLANG_WARN_RANGE_LOOP_ANALYSIS = YES;\n\t\t\t\tCLANG_WARN_STRICT_PROTOTYPES = YES;\n\t\t\t\tCLANG_WARN_SUSPICIOUS_MOVE = YES;\n\t\t\t\tCLANG_WARN_UNGUARDED_AVAILABILITY = YES_AGGRESSIVE;\n\t\t\t\tCLANG_WARN_UNREACHABLE_CODE = YES;\n\t\t\t\tCLANG_WARN__DUPLICATE_METHOD_MATCH = YES;\n\t\t\t\tCOPY_PHASE_STRIP = NO;\n\t\t\t\tDEBUG_INFORMATION_FORMAT = dwarf;\n\t\t\t\tENABLE_STRICT_OBJC_MSGSEND = YES;\n\t\t\t\tENABLE_TESTABILITY = YES;\n\t\t\t\tGCC_C_LANGUAGE_STANDARD = gnu11;\n\t\t\t\tGCC_DYNAMIC_NO_PIC = NO;\n\t\t\t\tGCC_NO_COMMON_BLOCKS = YES;\n\t\t\t\tGCC_OPTIMIZATION_LEVEL = 0;\n\t\t\t\tGCC_PREPROCESSOR_DEFINITIONS = (\n\t\t\t\t\t\"DEBUG=1\",\n\t\t\t\t\t\"$(inherited)\",\n\t\t\t\t);\n\t\t\t\tGCC_WARN_64_TO_32_BIT_CONVERSION = YES;\n\t\t\t\tGCC_WARN_ABOUT_RETURN_TYPE = YES_ERROR;\n\t\t\t\tGCC_WARN_UNDECLARED_SELECTOR = YES;\n\t\t\t\tGCC_WARN_UNINITIALIZED_AUTOS = YES_AGGRESSIVE;\n\t\t\t\tGCC_WARN_UNUSED_FUNCTION = YES;\n\t\t\t\tGCC_WARN_UNUSED_VARIABLE = YES;\n\t\t\t\tIOS_DEPLOYMENT_TARGET = 15.0;\n\t\t\t\tLOCALIZATION_PREFERS_STRING_CATALOGS = YES;\n\t\t\t\tMTL_ENABLE_DEBUG_INFO = INCLUDE_SOURCE;\n\t\t\t\tMTL_FAST_MATH = YES;\n\t\t\t\tONLY_ACTIVE_ARCH = YES;\n\t\t\t\tSDKROOT = iphoneos;\n\t\t\t\tSWIFT_ACTIVE_COMPILATION_CONDITIONS = DEBUG;\n\t\t\t\tSWIFT_OPTIMIZATION_LEVEL = \"-Onone\";\n\t\t\t};\n\t\t\tname = Debug;\n\t\t};\n\t\t5A1B3C882B3F4A6E00E9D8F1 /* Release */ = {\n\t\t\tisa = XCBuildConfiguration;\n\t\t\tbuildSettings = {\n\t\t\t\tALWAYS_SEARCH_USER_PATHS = NO;\n\t\t\t\tCLANG_ANALYZER_NONNULL = YES;\n\t\t\t\tCLANG_ANALYZER_NUMBER_OBJECT_CONVERSION = YES_AGGRESSIVE;\n\t\t\t\tCLANG_CXX_LANGUAGE_STANDARD = \"gnu++20\";\n\t\t\t\tCLANG_ENABLE_MODULES = YES;\n\t\t\t\tCLANG_ENABLE_OBJC_ARC = YES;\n\t\t\t\tCLANG_ENABLE_OBJC_WEAK = YES;\n\t\t\t\tCLANG_WARN_BLOCK_CAPTURE_AUTORELEASING = YES;\n\t\t\t\tCLANG_WARN_BOOL_CONVERSION = YES;\n\t\t\t\tCLANG_WARN_COMMA = YES;\n\t\t\t\tCLANG_WARN_CONSTANT_CONVERSION = YES;\n\t\t\t\tCLANG_WARN_DEPRECATED_OBJC_IMPLEMENTATIONS = YES;\n\t\t\t\tCLANG_WARN_DIRECT_OBJC_ISA_USAGE = YES_ERROR;\n\t\t\t\tCLANG_WARN_DOCUMENTATION_COMMENTS = YES;\n\t\t\t\tCLANG_WARN_EMPTY_BODY = YES;\n\t\t\t\tCLANG_WARN_ENUM_CONVERSION = YES;\n\t\t\t\tCLANG_WARN_INFINITE_RECURSION = YES;\n\t\t\t\tCLANG_WARN_INT_CONVERSION = YES;\n\t\t\t\tCLANG_WARN_NON_LITERAL_NULL_CONVERSION = YES;\n\t\t\t\tCLANG_WARN_OBJC_IMPLICIT_RETAIN_SELF = YES;\n\t\t\t\tCLANG_WARN_OBJC_LITERAL_CONVERSION = YES;\n\t\t\t\tCLANG_WARN_OBJC_ROOT_CLASS = YES_ERROR;\n\t\t\t\tCLANG_WARN_QUOTED_INCLUDE_IN_FRAMEWORK_HEADER = YES;\n\t\t\t\tCLANG_WARN_RANGE_LOOP_ANALYSIS = YES;\n\t\t\t\tCLANG_WARN_STRICT_PROTOTYPES = YES;\n\t\t\t\tCLANG_WARN_SUSPICIOUS_MOVE = YES;\n\t\t\t\tCLANG_WARN_UNGUARDED_AVAILABILITY = YES_AGGRESSIVE;\n\t\t\t\tCLANG_WARN_UNREACHABLE_CODE = YES;\n\t\t\t\tCLANG_WARN__DUPLICATE_METHOD_MATCH = YES;\n\t\t\t\tCOPY_PHASE_STRIP = NO;\n\t\t\t\tDEBUG_INFORMATION_FORMAT = \"dwarf-with-dsym\";\n\t\t\t\tENABLE_NS_ASSERTIONS = NO;\n\t\t\t\tENABLE_STRICT_OBJC_MSGSEND = YES;\n\t\t\t\tGCC_C_LANGUAGE_STANDARD = gnu11;\n\t\t\t\tGCC_NO_COMMON_BLOCKS = YES;\n\t\t\t\tGCC_WARN_64_TO_32_BIT_CONVERSION = YES;\n\t\t\t\tGCC_WARN_ABOUT_RETURN_TYPE = YES_ERROR;\n\t\t\t\tGCC_WARN_UNDECLARED_SELECTOR = YES;\n\t\t\t\tGCC_WARN_UNINITIALIZED_AUTOS = YES_AGGRESSIVE;\n\t\t\t\tGCC_WARN_UNUSED_FUNCTION = YES;\n\t\t\t\tGCC_WARN_UNUSED_VARIABLE = YES;\n\t\t\t\tIOS_DEPLOYMENT_TARGET = 15.0;\n\t\t\t\tLOCALIZATION_PREFERS_STRING_CATALOGS = YES;\n\t\t\t\tMTL_ENABLE_DEBUG_INFO = NO;\n\t\t\t\tMTL_FAST_MATH = YES;\n\t\t\t\tSDKROOT = iphoneos;\n\t\t\t\tSWIFT_COMPILATION_MODE = wholemodule;\n\t\t\t\tSWIFT_OPTIMIZATION_LEVEL = \"-O\";\n\t\t\t\tVALIDATE_PRODUCT = YES;\n\t\t\t};\n\t\t\tname = Release;\n\t\t};\n\t\t5A1B3C8A2B3F4A6E00E9D8F1 /* Debug */ = {\n\t\t\tisa = XCBuildConfiguration;\n\t\t\tbuildSettings = {\n\t\t\t\tASSETCATALOG_COMPILER_APPICON_NAME = AppIcon;\n\t\t\t\tASSETCATALOG_COMPILER_GLOBAL_ACCENT_COLOR_NAME = AccentColor;\n\t\t\t\tCODE_SIGN_STYLE = Automatic;\n\t\t\t\tCURRENT_PROJECT_VERSION = 1;\n\t\t\t\tGENERATE_INFOPLIST_FILE = YES;\n\t\t\t\tINFOPLIST_FILE = WeatherApp/Info.plist;\n\t\t\t\tINFOPLIST_KEY_UIApplicationSceneManifest_Generation = YES;\n\t\t\t\tINFOPLIST_KEY_UIApplicationSupportsIndirectInputEvents = YES;\n\t\t\t\tINFOPLIST_KEY_UILaunchScreen_Generation = YES;\n\t\t\t\tINFOPLIST_KEY_UISupportedInterfaceOrientations_iPad = \"UIInterfaceOrientationPortrait UIInterfaceOrientationPortraitUpsideDown UIInterfaceOrientationLandscapeLeft UIInterfaceOrientationLandscapeRight\";\n\t\t\t\tINFOPLIST_KEY_UISupportedInterfaceOrientations_iPhone = \"UIInterfaceOrientationPortrait UIInterfaceOrientationLandscapeLeft UIInterfaceOrientationLandscapeRight\";\n\t\t\t\tLD_RUNPATH_SEARCH_PATHS = (\n\t\t\t\t\t\"$(inherited)\",\n\t\t\t\t\t\"@executable_path/Frameworks\",\n\t\t\t\t);\n\t\t\t\tMARKETING_VERSION = 1.0;\n\t\t\t\tPRODUCT_BUNDLE_IDENTIFIER = com.example.WeatherApp;\n\t\t\t\tPRODUCT_NAME = \"$(TARGET_NAME)\";\n\t\t\t\tSWIFT_EMIT_LOC_STRINGS = YES;\n\t\t\t\tSWIFT_VERSION = 5.0;\n\t\t\t\tTARGETED_DEVICE_FAMILY = \"1,2\";\n\t\t\t};\n\t\t\tname = Debug;\n\t\t};\n\t\t5A1B3C8B2B3F4A6E00E9D8F1 /* Release */ = {\n\t\t\tisa = XCBuildConfiguration;\n\t\t\tbuildSettings = {\n\t\t\t\tASSETCATALOG_COMPILER_APPICON_NAME = AppIcon;\n\t\t\t\tASSETCATALOG_COMPILER_GLOBAL_ACCENT_COLOR_NAME = AccentColor;\n\t\t\t\tCODE_SIGN_STYLE = Automatic;\n\t\t\t\tCURRENT_PROJECT_VERSION = 1;\n\t\t\t\tGENERATE_INFOPLIST_FILE = YES;\n\t\t\t\tINFOPLIST_FILE = WeatherApp/Info.plist;\n\t\t\t\tINFOPLIST_KEY_UIApplicationSceneManifest_Generation = YES;\n\t\t\t\tINFOPLIST_KEY_UIApplicationSupportsIndirectInputEvents = YES;\n\t\t\t\tINFOPLIST_KEY_UILaunchScreen_Generation = YES;\n\t\t\t\tINFOPLIST_KEY_UISupportedInterfaceOrientations_iPad = \"UIInterfaceOrientationPortrait UIInterfaceOrientationPortraitUpsideDown UIInterfaceOrientationLandscapeLeft UIInterfaceOrientationLandscapeRight\";\n\t\t\t\tINFOPLIST_KEY_UISupportedInterfaceOrientations_iPhone = \"UIInterfaceOrientationPortrait UIInterfaceOrientationLandscapeLeft UIInterfaceOrientationLandscapeRight\";\n\t\t\t\tLD_RUNPATH_SEARCH_PATHS = (\n\t\t\t\t\t\"$(inherited)\",\n\t\t\t\t\t\"@executable_path/Frameworks\",\n\t\t\t\t);\n\t\t\t\tMARKETING_VERSION = 1.0;\n\t\t\t\tPRODUCT_BUNDLE_IDENTIFIER = com.example.WeatherApp;\n\t\t\t\tPRODUCT_NAME = \"$(TARGET_NAME)\";\n\t\t\t\tSWIFT_EMIT_LOC_STRINGS = YES;\n\t\t\t\tSWIFT_VERSION = 5.0;\n\t\t\t\tTARGETED_DEVICE_FAMILY = \"1,2\";\n\t\t\t};\n\t\t\tname = Release;\n\t\t};\n\t\t5A1B3CB72B3F4D0100E9D8F1 /* Debug */ = {\n\t\t\tisa = XCBuildConfiguration;\n\t\t\tbuildSettings = {\n\t\t\t\tASSETCATALOG_COMPILER_GLOBAL_ACCENT_COLOR_NAME = AccentColor;\n\t\t\t\tASSETCATALOG_COMPILER_WIDGET_BACKGROUND_COLOR_NAME = WidgetBackground;\n\t\t\t\tCODE_SIGN_STYLE = Automatic;\n\t\t\t\tCURRENT_PROJECT_VERSION = 1;\n\t\t\t\tGENERATE_INFOPLIST_FILE = YES;\n\t\t\t\tINFOPLIST_FILE = WeatherWidgetExtension/Info.plist;\n\t\t\t\tINFOPLIST_KEY_CFBundleDisplayName = WeatherWidget;\n\t\t\t\tINFOPLIST_KEY_NSHumanReadableCopyright = \"\";\n\t\t\t\tLD_RUNPATH_SEARCH_PATHS = (\n\t\t\t\t\t\"$(inherited)\",\n\t\t\t\t\t\"@executable_path/Frameworks\",\n\t\t\t\t\t\"@executable_path/../../Frameworks\",\n\t\t\t\t);\n\t\t\t\tMARKETING_VERSION = 1.0;\n\t\t\t\tPRODUCT_BUNDLE_IDENTIFIER = com.example.WeatherApp.WeatherWidget;\n\t\t\t\tPRODUCT_NAME = \"$(TARGET_NAME)\";\n\t\t\t\tSKIP_INSTALL = YES;\n\t\t\t\tSWIFT_EMIT_LOC_STRINGS = YES;\n\t\t\t\tSWIFT_VERSION = 5.0;\n\t\t\t\tTARGETED_DEVICE_FAMILY = \"1,2\";\n\t\t\t};\n\t\t\tname = Debug;\n\t\t};\n\t\t5A1B3CB82B3F4D0100E9D8F1 /* Release */ = {\n\t\t\tisa = XCBuildConfiguration;\n\t\t\tbuildSettings = {\n\t\t\t\tASSETCATALOG_COMPILER_GLOBAL_ACCENT_COLOR_NAME = AccentColor;\n\t\t\t\tASSETCATALOG_COMPILER_WIDGET_BACKGROUND_COLOR_NAME = WidgetBackground;\n\t\t\t\tCODE_SIGN_STYLE = Automatic;\n\t\t\t\tCURRENT_PROJECT_VERSION = 1;\n\t\t\t\tGENERATE_INFOPLIST_FILE = YES;\n\t\t\t\tINFOPLIST_FILE = WeatherWidgetExtension/Info.plist;\n\t\t\t\tINFOPLIST_KEY_CFBundleDisplayName = WeatherWidget;\n\t\t\t\tINFOPLIST_KEY_NSHumanReadableCopyright = \"\";\n\t\t\t\tLD_RUNPATH_SEARCH_PATHS = (\n\t\t\t\t\t\"$(inherited)\",\n\t\t\t\t\t\"@executable_path/Frameworks\",\n\t\t\t\t\t\"@executable_path/../../Frameworks\",\n\t\t\t\t);\n\t\t\t\tMARKETING_VERSION = 1.0;\n\t\t\t\tPRODUCT_BUNDLE_IDENTIFIER = com.example.WeatherApp.WeatherWidget;\n\t\t\t\tPRODUCT_NAME = \"$(TARGET_NAME)\";\n\t\t\t\tSKIP_INSTALL = YES;\n\t\t\t\tSWIFT_EMIT_LOC_STRINGS = YES;\n\t\t\t\tSWIFT_VERSION = 5.0;\n\t\t\t\tTARGETED_DEVICE_FAMILY = \"1,2\";\n\t\t\t};\n\t\t\tname = Release;\n\t\t};\n/* End XCBuildConfiguration section */\n\n/* Begin XCConfigurationList section */\n\t\t5A1B3C762B3F4A6D00E9D8F1 /* Build configuration list for PBXProject \"WeatherApp\" */ = {\n\t\t\tisa = XCConfigurationList;\n\t\t\tbuildConfigurations = (\n\t\t\t\t5A1B3C872B3F4A6E00E9D8F1 /* Debug */,\n\t\t\t\t5A1B3C882B3F4A6E00E9D8F1 /* Release */,\n\t\t\t);\n\t\t\tdefaultConfigurationIsVisible = 0;\n\t\t\tdefaultConfigurationName = Release;\n\t\t};\n\t\t5A1B3C892B3F4A6E00E9D8F1 /* Build configuration list for PBXNativeTarget \"WeatherApp\" */ = {\n\t\t\tisa = XCConfigurationList;\n\t\t\tbuildConfigurations = (\n\t\t\t\t5A1B3C8A2B3F4A6E00E9D8F1 /* Debug */,\n\t\t\t\t5A1B3C8B2B3F4A6E00E9D8F1 /* Release */,\n\t\t\t);\n\t\t\tdefaultConfigurationIsVisible = 0;\n\t\t\tdefaultConfigurationName = Release;\n\t\t};\n\t\t5A1B3CB62B3F4D0100E9D8F1 /* Build configuration list for PBXNativeTarget \"WeatherWidgetExtension\" */ = {\n\t\t\tisa = XCConfigurationList;\n\t\t\tbuildConfigurations = (\n\t\t\t\t5A1B3CB72B3F4D0100E9D8F1 /* Debug */,\n\t\t\t\t5A1B3CB82B3F4D0100E9D8F1 /* Release */,\n\t\t\t);\n\t\t\tdefaultConfigurationIsVisible = 0;\n\t\t\tdefaultConfigurationName = Release;\n\t\t};\n/* End XCConfigurationList section */\n\t};\n\trootObject = 5A1B3C732B3F4A6D00E9D8F1 /* Project object */;\n}\n